
Microsoft Visual Studio Solution File, Format Version 12.00
# Visual Studio Version 16
VisualStudioVersion = 16.0.28803.452
MinimumVisualStudioVersion = 10.0.40219.1
Project("{FAE04EC0-301F-11D3-BF4B-00C04F79EFBC}") = "DesafioMatrix", "DesafioMatrix\DesafioMatrix.csproj", "{6AF3E6BE-7B90-46A5-A16B-B95288B18C82}"
EndProject
Global
	GlobalSection(SolutionConfigurationPlatforms) = preSolution
		Debug|Any CPU = Debug|Any CPU
		Release|Any CPU = Release|Any CPU
	EndGlobalSection
	GlobalSection(ProjectConfigurationPlatforms) = postSolution
		{6AF3E6BE-7B90-46A5-A16B-B95288B18C82}.Debug|Any CPU.ActiveCfg = Debug|Any CPU
		{6AF3E6BE-7B90-46A5-A16B-B95288B18C82}.Debug|Any CPU.Build.0 = Debug|Any CPU
		{6AF3E6BE-7B90-46A5-A16B-B95288B18C82}.Release|Any CPU.ActiveCfg = Release|Any CPU
		{6AF3E6BE-7B90-46A5-A16B-B95288B18C82}.Release|Any CPU.Build.0 = Release|Any CPU
	EndGlobalSection
	GlobalSection(SolutionProperties) = preSolution
		HideSolutionNode = FALSE
	EndGlobalSection
	GlobalSection(ExtensibilityGlobals) = postSolution
		SolutionGuid = {BED82101-E4BF-401F-B09B-9B4014ABD6BF}
	EndGlobalSection
EndGlobal
