
Microsoft Visual Studio Solution File, Format Version 12.00
# Visual Studio Version 16
VisualStudioVersion = 16.0.28803.452
MinimumVisualStudioVersion = 10.0.40219.1
Project("{FAE04EC0-301F-11D3-BF4B-00C04F79EFBC}") = "CalculoTriangulo", "CalculoTriangulo\CalculoTriangulo.csproj", "{5AB53609-CFB7-47BE-AE2E-31DD2A2E6416}"
EndProject
Global
	GlobalSection(SolutionConfigurationPlatforms) = preSolution
		Debug|Any CPU = Debug|Any CPU
		Release|Any CPU = Release|Any CPU
	EndGlobalSection
	GlobalSection(ProjectConfigurationPlatforms) = postSolution
		{5AB53609-CFB7-47BE-AE2E-31DD2A2E6416}.Debug|Any CPU.ActiveCfg = Debug|Any CPU
		{5AB53609-CFB7-47BE-AE2E-31DD2A2E6416}.Debug|Any CPU.Build.0 = Debug|Any CPU
		{5AB53609-CFB7-47BE-AE2E-31DD2A2E6416}.Release|Any CPU.ActiveCfg = Release|Any CPU
		{5AB53609-CFB7-47BE-AE2E-31DD2A2E6416}.Release|Any CPU.Build.0 = Release|Any CPU
	EndGlobalSection
	GlobalSection(SolutionProperties) = preSolution
		HideSolutionNode = FALSE
	EndGlobalSection
	GlobalSection(ExtensibilityGlobals) = postSolution
		SolutionGuid = {69DC54C9-CA53-4DA2-9A82-808E83FF0BD8}
	EndGlobalSection
EndGlobal
